
Microsoft Visual Studio Solution File, Format Version 12.00
# Visual Studio Version 17
VisualStudioVersion = 17.5.002.0
MinimumVisualStudioVersion = 10.0.40219.1
Project("{9A19103F-16F7-4668-BE54-9A1E7A4F7556}") = "FolderCleanupService", "FolderCleanupService.csproj", "{1572DD77-EDBA-48D3-B8F4-4F9DACD79747}"
EndProject
Global
	GlobalSection(SolutionConfigurationPlatforms) = preSolution
		Debug|Any CPU = Debug|Any CPU
		Release|Any CPU = Release|Any CPU
	EndGlobalSection
	GlobalSection(ProjectConfigurationPlatforms) = postSolution
		{1572DD77-EDBA-48D3-B8F4-4F9DACD79747}.Debug|Any CPU.ActiveCfg = Debug|Any CPU
		{1572DD77-EDBA-48D3-B8F4-4F9DACD79747}.Debug|Any CPU.Build.0 = Debug|Any CPU
		{1572DD77-EDBA-48D3-B8F4-4F9DACD79747}.Release|Any CPU.ActiveCfg = Release|Any CPU
		{1572DD77-EDBA-48D3-B8F4-4F9DACD79747}.Release|Any CPU.Build.0 = Release|Any CPU
	EndGlobalSection
	GlobalSection(SolutionProperties) = preSolution
		HideSolutionNode = FALSE
	EndGlobalSection
	GlobalSection(ExtensibilityGlobals) = postSolution
		SolutionGuid = {7D5CE861-103E-405F-B53A-2AF2574ED2FE}
	EndGlobalSection
EndGlobal
